{
  "object": {
    "pins": [
      {
        "package": "PerfectMosquitto",
        "repositoryURL": "https://github.com/PerfectlySoft/Perfect-Mosquitto",
        "state": {
          "branch": null,
          "revision": "ec54dd39c7bfee93ad1bf3a46ed03418c9f8452e",
          "version": "3.1.3"
        }
      },
      {
        "package": "SwiftyGPIO",
        "repositoryURL": "https://github.com/uraimo/SwiftyGPIO.git",
        "state": {
          "branch": null,
          "revision": "4127ff9dd5c6aa8acb6be34b7ce2af2f6e0b942d",
          "version": "1.1.14"
        }
      }
    ]
  },
  "version": 1
}
